
Microsoft Visual Studio Solution File, Format Version 12.00
# Visual Studio Version 17
VisualStudioVersion = 17.2.32616.157
MinimumVisualStudioVersion = 10.0.40219.1
Project("{FAE04EC0-301F-11D3-BF4B-00C04F79EFBC}") = "CabInvoiceGenerator", "CabInvoiceGenerator\CabInvoiceGenerator.csproj", "{DD9DBB6E-0252-4833-A3E6-3535343B6605}"
EndProject
Project("{FAE04EC0-301F-11D3-BF4B-00C04F79EFBC}") = "CabInvoiceGeneratorUnitTest", "CabInvoiceGeneratorUnitTest\CabInvoiceGeneratorUnitTest.csproj", "{AE0D052F-BFFA-4191-9B91-567D7833FECA}"
EndProject
Global
	GlobalSection(SolutionConfigurationPlatforms) = preSolution
		Debug|Any CPU = Debug|Any CPU
		Release|Any CPU = Release|Any CPU
	EndGlobalSection
	GlobalSection(ProjectConfigurationPlatforms) = postSolution
		{DD9DBB6E-0252-4833-A3E6-3535343B6605}.Debug|Any CPU.ActiveCfg = Debug|Any CPU
		{DD9DBB6E-0252-4833-A3E6-3535343B6605}.Debug|Any CPU.Build.0 = Debug|Any CPU
		{DD9DBB6E-0252-4833-A3E6-3535343B6605}.Release|Any CPU.ActiveCfg = Release|Any CPU
		{DD9DBB6E-0252-4833-A3E6-3535343B6605}.Release|Any CPU.Build.0 = Release|Any CPU
		{AE0D052F-BFFA-4191-9B91-567D7833FECA}.Debug|Any CPU.ActiveCfg = Debug|Any CPU
		{AE0D052F-BFFA-4191-9B91-567D7833FECA}.Debug|Any CPU.Build.0 = Debug|Any CPU
		{AE0D052F-BFFA-4191-9B91-567D7833FECA}.Release|Any CPU.ActiveCfg = Release|Any CPU
		{AE0D052F-BFFA-4191-9B91-567D7833FECA}.Release|Any CPU.Build.0 = Release|Any CPU
	EndGlobalSection
	GlobalSection(SolutionProperties) = preSolution
		HideSolutionNode = FALSE
	EndGlobalSection
	GlobalSection(ExtensibilityGlobals) = postSolution
		SolutionGuid = {58C2F441-ACD9-46CD-986E-5E7433D1E780}
	EndGlobalSection
EndGlobal
